
Microsoft Visual Studio Solution File, Format Version 12.00
# Visual Studio 14
VisualStudioVersion = 14.0.24720.0
MinimumVisualStudioVersion = 10.0.40219.1
Project("{FAE04EC0-301F-11D3-BF4B-00C04F79EFBC}") = "WebShopApp", "WebShopApp\WebShopApp.csproj", "{6AC7C5CB-833F-4A08-8175-4411A11A3253}"
EndProject
Project("{FAE04EC0-301F-11D3-BF4B-00C04F79EFBC}") = "WebShopApp.Tests", "WebShopApp.Tests\WebShopApp.Tests.csproj", "{F23AC93B-ACBA-43DF-96E5-8FCD561CF622}"
EndProject
Global
	GlobalSection(SolutionConfigurationPlatforms) = preSolution
		Debug|Any CPU = Debug|Any CPU
		Release|Any CPU = Release|Any CPU
	EndGlobalSection
	GlobalSection(ProjectConfigurationPlatforms) = postSolution
		{6AC7C5CB-833F-4A08-8175-4411A11A3253}.Debug|Any CPU.ActiveCfg = Debug|Any CPU
		{6AC7C5CB-833F-4A08-8175-4411A11A3253}.Debug|Any CPU.Build.0 = Debug|Any CPU
		{6AC7C5CB-833F-4A08-8175-4411A11A3253}.Release|Any CPU.ActiveCfg = Release|Any CPU
		{6AC7C5CB-833F-4A08-8175-4411A11A3253}.Release|Any CPU.Build.0 = Release|Any CPU
		{F23AC93B-ACBA-43DF-96E5-8FCD561CF622}.Debug|Any CPU.ActiveCfg = Debug|Any CPU
		{F23AC93B-ACBA-43DF-96E5-8FCD561CF622}.Debug|Any CPU.Build.0 = Debug|Any CPU
		{F23AC93B-ACBA-43DF-96E5-8FCD561CF622}.Release|Any CPU.ActiveCfg = Release|Any CPU
		{F23AC93B-ACBA-43DF-96E5-8FCD561CF622}.Release|Any CPU.Build.0 = Release|Any CPU
	EndGlobalSection
	GlobalSection(SolutionProperties) = preSolution
		HideSolutionNode = FALSE
	EndGlobalSection
EndGlobal
